setuptools==80.9.0 --hash=sha256:062d34222ad13e0cc312a4c02d73f059e86a4acbfbdea8f8f76b28c99f306922
wheel==0.45.1 --hash=sha256:708e7481cc80179af0e556bbf0cc00b8444c7321e2700b8d8580231d13017248
cmake==3.31.6 --hash=sha256:2297e9591307d9c61e557efe737bcf4d7c13a30f1f860732f684a204fee24dca
ninja==1.11.1.4 --hash=sha256:096487995473320de7f65d622c3f1d16c3ad174797602218ca8c967f51ec38a0
pybind11==2.13.6 --hash=sha256:237c41e29157b962835d356b370ededd57594a26d5894a795960f0047cb5caf5
